
Microsoft Visual Studio Solution File, Format Version 12.00
# Visual Studio Version 16
VisualStudioVersion = 16.0.29424.173
MinimumVisualStudioVersion = 10.0.40219.1
Project("{FAE04EC0-301F-11D3-BF4B-00C04F79EFBC}") = "Quantrix_Git", "Quantrix_Git\Quantrix_Git.csproj", "{368EB711-E940-4CCB-84CD-C9CEB73039FC}"
EndProject
Project("{FAE04EC0-301F-11D3-BF4B-00C04F79EFBC}") = "ErrorLog", "ErrorLog\ErrorLog.csproj", "{FC9FF01D-D900-401E-8048-F2B436D71FC7}"
EndProject
Project("{FAE04EC0-301F-11D3-BF4B-00C04F79EFBC}") = "Entity", "Entity\Entity.csproj", "{37FA0006-ECFC-42FB-996B-517FE47BF312}"
EndProject
Project("{FAE04EC0-301F-11D3-BF4B-00C04F79EFBC}") = "Business", "Business\Business.csproj", "{255F35A3-FBC7-474D-A0AA-E77110D60201}"
EndProject
Project("{FAE04EC0-301F-11D3-BF4B-00C04F79EFBC}") = "Data", "Data\Data.csproj", "{2F0BD6E8-A2DA-41A3-B06B-7E706B0F5CC6}"
EndProject
Project("{FAE04EC0-301F-11D3-BF4B-00C04F79EFBC}") = "Utility", "Utility\Utility.csproj", "{845D6505-B588-4649-9580-5D0BE2759A1D}"
EndProject
Global
	GlobalSection(SolutionConfigurationPlatforms) = preSolution
		Debug|Any CPU = Debug|Any CPU
		Release|Any CPU = Release|Any CPU
	EndGlobalSection
	GlobalSection(ProjectConfigurationPlatforms) = postSolution
		{368EB711-E940-4CCB-84CD-C9CEB73039FC}.Debug|Any CPU.ActiveCfg = Debug|Any CPU
		{368EB711-E940-4CCB-84CD-C9CEB73039FC}.Debug|Any CPU.Build.0 = Debug|Any CPU
		{368EB711-E940-4CCB-84CD-C9CEB73039FC}.Release|Any CPU.ActiveCfg = Release|Any CPU
		{368EB711-E940-4CCB-84CD-C9CEB73039FC}.Release|Any CPU.Build.0 = Release|Any CPU
		{FC9FF01D-D900-401E-8048-F2B436D71FC7}.Debug|Any CPU.ActiveCfg = Debug|Any CPU
		{FC9FF01D-D900-401E-8048-F2B436D71FC7}.Debug|Any CPU.Build.0 = Debug|Any CPU
		{FC9FF01D-D900-401E-8048-F2B436D71FC7}.Release|Any CPU.ActiveCfg = Release|Any CPU
		{FC9FF01D-D900-401E-8048-F2B436D71FC7}.Release|Any CPU.Build.0 = Release|Any CPU
		{37FA0006-ECFC-42FB-996B-517FE47BF312}.Debug|Any CPU.ActiveCfg = Debug|Any CPU
		{37FA0006-ECFC-42FB-996B-517FE47BF312}.Debug|Any CPU.Build.0 = Debug|Any CPU
		{37FA0006-ECFC-42FB-996B-517FE47BF312}.Release|Any CPU.ActiveCfg = Release|Any CPU
		{37FA0006-ECFC-42FB-996B-517FE47BF312}.Release|Any CPU.Build.0 = Release|Any CPU
		{255F35A3-FBC7-474D-A0AA-E77110D60201}.Debug|Any CPU.ActiveCfg = Debug|Any CPU
		{255F35A3-FBC7-474D-A0AA-E77110D60201}.Debug|Any CPU.Build.0 = Debug|Any CPU
		{255F35A3-FBC7-474D-A0AA-E77110D60201}.Release|Any CPU.ActiveCfg = Release|Any CPU
		{255F35A3-FBC7-474D-A0AA-E77110D60201}.Release|Any CPU.Build.0 = Release|Any CPU
		{2F0BD6E8-A2DA-41A3-B06B-7E706B0F5CC6}.Debug|Any CPU.ActiveCfg = Debug|Any CPU
		{2F0BD6E8-A2DA-41A3-B06B-7E706B0F5CC6}.Debug|Any CPU.Build.0 = Debug|Any CPU
		{2F0BD6E8-A2DA-41A3-B06B-7E706B0F5CC6}.Release|Any CPU.ActiveCfg = Release|Any CPU
		{2F0BD6E8-A2DA-41A3-B06B-7E706B0F5CC6}.Release|Any CPU.Build.0 = Release|Any CPU
		{845D6505-B588-4649-9580-5D0BE2759A1D}.Debug|Any CPU.ActiveCfg = Debug|Any CPU
		{845D6505-B588-4649-9580-5D0BE2759A1D}.Debug|Any CPU.Build.0 = Debug|Any CPU
		{845D6505-B588-4649-9580-5D0BE2759A1D}.Release|Any CPU.ActiveCfg = Release|Any CPU
		{845D6505-B588-4649-9580-5D0BE2759A1D}.Release|Any CPU.Build.0 = Release|Any CPU
	EndGlobalSection
	GlobalSection(SolutionProperties) = preSolution
		HideSolutionNode = FALSE
	EndGlobalSection
	GlobalSection(ExtensibilityGlobals) = postSolution
		SolutionGuid = {5797527A-CBAB-4A70-9216-41FFC904C6B4}
	EndGlobalSection
EndGlobal
